{
  "name": "quintos-template",
  "version": "1.0.2",
  "lockfileVersion": 2,
  "requires": true,
  "packages": {
    "": {
      "version": "1.0.2",
      "license": "GPL-3.0-only",
      "dependencies": {
        "@code-dot-org/p5.play": "^1.3.18-cdo",
        "jquery": "^3.6.0",
        "p5": "^1.4.0",
        "quintos": "^1.6.53"
      }
    },
    "node_modules/@code-dot-org/p5": {
      "version": "0.5.4-cdo.10",
      "resolved": "https://registry.npmjs.org/@code-dot-org/p5/-/p5-0.5.4-cdo.10.tgz",
      "integrity": "sha512-UnlIasrM4YOULFhWLnnvx2DFznQEuEtSwL9JGD1zWfpEWoQ5hnfJcDuTKvmy7wUlt5hrE2M5aF2aMwxBfEYGTQ==",
      "dependencies": {
        "opentype.js": "^0.4.9",
        "reqwest": "^1.1.5"
      }
    },
    "node_modules/@code-dot-org/p5.play": {
      "version": "1.3.18-cdo",
      "resolved": "https://registry.npmjs.org/@code-dot-org/p5.play/-/p5.play-1.3.18-cdo.tgz",
      "integrity": "sha512-lcJp8a8exbUOLaZ29KIpmEN6wvckSi5vURxb6ZewlO5ASpz3GONMLvHoWU3RSd6ON9ippWRuWp9kzi7mHBDX+Q==",
      "dependencies": {
        "@code-dot-org/p5": "0.5.4-cdo.10"
      },
      "engines": {
        "node": ">=4.0.0"
      }
    },
    "node_modules/jquery": {
      "version": "3.6.0",
      "resolved": "https://registry.npmjs.org/jquery/-/jquery-3.6.0.tgz",
      "integrity": "sha512-JVzAR/AjBvVt2BmYhxRCSYysDsPcssdmTFnzyLEts9qNwmjmu4JTAMYubEfwVOSwpQ1I1sKKFcxhZCI2buerfw=="
    },
    "node_modules/opentype.js": {
      "version": "0.4.11",
      "resolved": "https://registry.npmjs.org/opentype.js/-/opentype.js-0.4.11.tgz",
      "integrity": "sha1-KBojkGOcwVkxyVXY1jwUp8d3K0E=",
      "bin": {
        "ot": "bin/ot"
      }
    },
    "node_modules/p5": {
      "version": "1.4.0",
      "resolved": "https://registry.npmjs.org/p5/-/p5-1.4.0.tgz",
      "integrity": "sha512-U888W2ChcIzPhRhnv4FkNhaa4f5BDIWZfLhzvx9ZrQ5KtkZr/+o1UPIicV3yWTRy0HEG23NviHyDR3kgjaJ9wA=="
    },
    "node_modules/quintos": {
      "version": "1.6.53",
      "resolved": "https://registry.npmjs.org/quintos/-/quintos-1.6.53.tgz",
      "integrity": "sha512-vOcLcmFXffgnP5XQGWwtCEuFXXM0L3ZwFebqhR/yLq6EaOhI6ONvLACacHdOcu3bzqbG4WF/EuxvkBEGgVrEwQ=="
    },
    "node_modules/reqwest": {
      "version": "1.1.6",
      "resolved": "https://registry.npmjs.org/reqwest/-/reqwest-1.1.6.tgz",
      "integrity": "sha1-S2iU0pWWv46CSiXzSXXfFVYu6BM="
    }
  },
  "dependencies": {
    "@code-dot-org/p5": {
      "version": "0.5.4-cdo.10",
      "resolved": "https://registry.npmjs.org/@code-dot-org/p5/-/p5-0.5.4-cdo.10.tgz",
      "integrity": "sha512-UnlIasrM4YOULFhWLnnvx2DFznQEuEtSwL9JGD1zWfpEWoQ5hnfJcDuTKvmy7wUlt5hrE2M5aF2aMwxBfEYGTQ==",
      "requires": {
        "opentype.js": "^0.4.9",
        "reqwest": "^1.1.5"
      }
    },
    "@code-dot-org/p5.play": {
      "version": "1.3.18-cdo",
      "resolved": "https://registry.npmjs.org/@code-dot-org/p5.play/-/p5.play-1.3.18-cdo.tgz",
      "integrity": "sha512-lcJp8a8exbUOLaZ29KIpmEN6wvckSi5vURxb6ZewlO5ASpz3GONMLvHoWU3RSd6ON9ippWRuWp9kzi7mHBDX+Q==",
      "requires": {
        "@code-dot-org/p5": "0.5.4-cdo.10"
      }
    },
    "jquery": {
      "version": "3.6.0",
      "resolved": "https://registry.npmjs.org/jquery/-/jquery-3.6.0.tgz",
      "integrity": "sha512-JVzAR/AjBvVt2BmYhxRCSYysDsPcssdmTFnzyLEts9qNwmjmu4JTAMYubEfwVOSwpQ1I1sKKFcxhZCI2buerfw=="
    },
    "opentype.js": {
      "version": "0.4.11",
      "resolved": "https://registry.npmjs.org/opentype.js/-/opentype.js-0.4.11.tgz",
      "integrity": "sha1-KBojkGOcwVkxyVXY1jwUp8d3K0E="
    },
    "p5": {
      "version": "1.4.0",
      "resolved": "https://registry.npmjs.org/p5/-/p5-1.4.0.tgz",
      "integrity": "sha512-U888W2ChcIzPhRhnv4FkNhaa4f5BDIWZfLhzvx9ZrQ5KtkZr/+o1UPIicV3yWTRy0HEG23NviHyDR3kgjaJ9wA=="
    },
    "quintos": {
      "version": "1.6.53",
      "resolved": "https://registry.npmjs.org/quintos/-/quintos-1.6.53.tgz",
      "integrity": "sha512-vOcLcmFXffgnP5XQGWwtCEuFXXM0L3ZwFebqhR/yLq6EaOhI6ONvLACacHdOcu3bzqbG4WF/EuxvkBEGgVrEwQ=="
    },
    "reqwest": {
      "version": "1.1.6",
      "resolved": "https://registry.npmjs.org/reqwest/-/reqwest-1.1.6.tgz",
      "integrity": "sha1-S2iU0pWWv46CSiXzSXXfFVYu6BM="
    }
  }
}
